
Microsoft Visual Studio Solution File, Format Version 12.00
# Visual Studio Version 17
VisualStudioVersion = 17.0.32014.148
MinimumVisualStudioVersion = 10.0.40219.1
Project("{FAE04EC0-301F-11D3-BF4B-00C04F79EFBC}") = "CodeFirstConsole", "CodeFirstConsole\CodeFirstConsole.csproj", "{8908E226-6372-41F5-A810-A63E1F7848C6}"
EndProject
Project("{FAE04EC0-301F-11D3-BF4B-00C04F79EFBC}") = "CodeFirstModel", "CodeFirstModel\CodeFirstModel.csproj", "{D8CA7CE4-814D-474E-89A1-E16174D15A79}"
EndProject
Project("{FAE04EC0-301F-11D3-BF4B-00C04F79EFBC}") = "CodeFirstEntityFramework", "CodeFirstEntityFramework\CodeFirstEntityFramework.csproj", "{C10A34B5-CF80-407C-A54F-FB4262A19C96}"
EndProject
Global
	GlobalSection(SolutionConfigurationPlatforms) = preSolution
		Debug|Any CPU = Debug|Any CPU
		Release|Any CPU = Release|Any CPU
	EndGlobalSection
	GlobalSection(ProjectConfigurationPlatforms) = postSolution
		{8908E226-6372-41F5-A810-A63E1F7848C6}.Debug|Any CPU.ActiveCfg = Debug|Any CPU
		{8908E226-6372-41F5-A810-A63E1F7848C6}.Debug|Any CPU.Build.0 = Debug|Any CPU
		{8908E226-6372-41F5-A810-A63E1F7848C6}.Release|Any CPU.ActiveCfg = Release|Any CPU
		{8908E226-6372-41F5-A810-A63E1F7848C6}.Release|Any CPU.Build.0 = Release|Any CPU
		{D8CA7CE4-814D-474E-89A1-E16174D15A79}.Debug|Any CPU.ActiveCfg = Debug|Any CPU
		{D8CA7CE4-814D-474E-89A1-E16174D15A79}.Debug|Any CPU.Build.0 = Debug|Any CPU
		{D8CA7CE4-814D-474E-89A1-E16174D15A79}.Release|Any CPU.ActiveCfg = Release|Any CPU
		{D8CA7CE4-814D-474E-89A1-E16174D15A79}.Release|Any CPU.Build.0 = Release|Any CPU
		{C10A34B5-CF80-407C-A54F-FB4262A19C96}.Debug|Any CPU.ActiveCfg = Debug|Any CPU
		{C10A34B5-CF80-407C-A54F-FB4262A19C96}.Debug|Any CPU.Build.0 = Debug|Any CPU
		{C10A34B5-CF80-407C-A54F-FB4262A19C96}.Release|Any CPU.ActiveCfg = Release|Any CPU
		{C10A34B5-CF80-407C-A54F-FB4262A19C96}.Release|Any CPU.Build.0 = Release|Any CPU
	EndGlobalSection
	GlobalSection(SolutionProperties) = preSolution
		HideSolutionNode = FALSE
	EndGlobalSection
	GlobalSection(ExtensibilityGlobals) = postSolution
		SolutionGuid = {E82FF9E4-8202-45BB-B34C-0D7F91FB1BEA}
	EndGlobalSection
EndGlobal
